
Microsoft Visual Studio Solution File, Format Version 12.00
# Visual Studio Version 17
VisualStudioVersion = 17.8.34408.163
MinimumVisualStudioVersion = 10.0.40219.1
Project("{FAE04EC0-301F-11D3-BF4B-00C04F79EFBC}") = "modul3_1302223124", "modul3_1302223124\modul3_1302223124.csproj", "{320AE3D2-1289-4991-B232-49EB7B02724B}"
EndProject
Global
	GlobalSection(SolutionConfigurationPlatforms) = preSolution
		Debug|Any CPU = Debug|Any CPU
		Release|Any CPU = Release|Any CPU
	EndGlobalSection
	GlobalSection(ProjectConfigurationPlatforms) = postSolution
		{320AE3D2-1289-4991-B232-49EB7B02724B}.Debug|Any CPU.ActiveCfg = Debug|Any CPU
		{320AE3D2-1289-4991-B232-49EB7B02724B}.Debug|Any CPU.Build.0 = Debug|Any CPU
		{320AE3D2-1289-4991-B232-49EB7B02724B}.Release|Any CPU.ActiveCfg = Release|Any CPU
		{320AE3D2-1289-4991-B232-49EB7B02724B}.Release|Any CPU.Build.0 = Release|Any CPU
	EndGlobalSection
	GlobalSection(SolutionProperties) = preSolution
		HideSolutionNode = FALSE
	EndGlobalSection
	GlobalSection(ExtensibilityGlobals) = postSolution
		SolutionGuid = {D7E68AB5-13D2-4E2A-B10A-05F8DB86ECA4}
	EndGlobalSection
EndGlobal
